Microsoft Visual Studio Solution File, Format Version 12.00
# Visual Studio 15
VisualStudioVersion = 15.0.26430.16
MinimumVisualStudioVersion = 10.0.40219.1
Project("{002A2DE9-8BB6-484D-9802-7E4AD4084715}") = "doxel", ".dub\doxel.visualdproj", "{1CD4970C-BE6A-4A8E-9992-0E8EA5DAAF2E}"
	ProjectSection(ProjectDependencies) = postProject
		{7D9EB7B6-1598-4F96-AE09-F5DC7E7182ED} = {7D9EB7B6-1598-4F96-AE09-F5DC7E7182ED}
		{261075C1-51DD-40F4-8BE6-C0C32B33D4D9} = {261075C1-51DD-40F4-8BE6-C0C32B33D4D9}
		{81B96316-F13C-42EA-A594-B10431BF302F} = {81B96316-F13C-42EA-A594-B10431BF302F}
		{71638BE6-901B-4B1F-9C1B-466D9B6820C9} = {71638BE6-901B-4B1F-9C1B-466D9B6820C9}
		{4B831926-F279-40A7-8950-457EEA0000AE} = {4B831926-F279-40A7-8950-457EEA0000AE}
		{685477E2-0C2D-4EF4-B067-0A7BB67A6506} = {685477E2-0C2D-4EF4-B067-0A7BB67A6506}
		{ED7CEF8E-730F-4F28-8484-FE50F862EACD} = {ED7CEF8E-730F-4F28-8484-FE50F862EACD}
		{6FAF1183-1623-4CCC-8F1A-5D50BABF1308} = {6FAF1183-1623-4CCC-8F1A-5D50BABF1308}
		{498C37AA-3D9C-4047-A67B-ADA6C984D5E2} = {498C37AA-3D9C-4047-A67B-ADA6C984D5E2}
		{82CA5266-3273-4ACB-A3D6-821326779ABD} = {82CA5266-3273-4ACB-A3D6-821326779ABD}
		{1123BD4D-1426-4666-8387-53162A0340C4} = {1123BD4D-1426-4666-8387-53162A0340C4}
		{5E737304-6956-4C33-A7EC-33B8FD95C6DE} = {5E737304-6956-4C33-A7EC-33B8FD95C6DE}
		{0666481D-E5FA-4815-BB96-2F8EC1ECA689} = {0666481D-E5FA-4815-BB96-2F8EC1ECA689}
		{6A96742B-F1A4-4974-9F8F-DAA790483125} = {6A96742B-F1A4-4974-9F8F-DAA790483125}
		{0FE60270-C96A-45B0-BCB4-B9889C7D0225} = {0FE60270-C96A-45B0-BCB4-B9889C7D0225}
		{896D1ABC-20B2-420B-9743-01D2222A6A3D} = {896D1ABC-20B2-420B-9743-01D2222A6A3D}
		{AFF25CF5-DFBA-4B44-A4FD-06CB0BBFA4F4} = {AFF25CF5-DFBA-4B44-A4FD-06CB0BBFA4F4}
	EndProjectSection
EndProject
Project("{002A2DE9-8BB6-484D-9802-7E4AD4084715}") = "doxel_engine", ".dub\doxel_engine.visualdproj", "{7D9EB7B6-1598-4F96-AE09-F5DC7E7182ED}"
EndProject
Project("{002A2DE9-8BB6-484D-9802-7E4AD4084715}") = "gfm_assimp", ".dub\gfm_assimp.visualdproj", "{261075C1-51DD-40F4-8BE6-C0C32B33D4D9}"
EndProject
Project("{002A2DE9-8BB6-484D-9802-7E4AD4084715}") = "derelict-assimp3", ".dub\derelict-assimp3.visualdproj", "{82CA5266-3273-4ACB-A3D6-821326779ABD}"
EndProject
Project("{002A2DE9-8BB6-484D-9802-7E4AD4084715}") = "derelict-util", ".dub\derelict-util.visualdproj", "{896D1ABC-20B2-420B-9743-01D2222A6A3D}"
EndProject
Project("{002A2DE9-8BB6-484D-9802-7E4AD4084715}") = "gfm_core", ".dub\gfm_core.visualdproj", "{81B96316-F13C-42EA-A594-B10431BF302F}"
EndProject
Project("{002A2DE9-8BB6-484D-9802-7E4AD4084715}") = "gfm_freeimage", ".dub\gfm_freeimage.visualdproj", "{71638BE6-901B-4B1F-9C1B-466D9B6820C9}"
EndProject
Project("{002A2DE9-8BB6-484D-9802-7E4AD4084715}") = "derelict-fi", ".dub\derelict-fi.visualdproj", "{1123BD4D-1426-4666-8387-53162A0340C4}"
EndProject
Project("{002A2DE9-8BB6-484D-9802-7E4AD4084715}") = "gfm_integers", ".dub\gfm_integers.visualdproj", "{4B831926-F279-40A7-8950-457EEA0000AE}"
EndProject
Project("{002A2DE9-8BB6-484D-9802-7E4AD4084715}") = "gfm_logger", ".dub\gfm_logger.visualdproj", "{685477E2-0C2D-4EF4-B067-0A7BB67A6506}"
EndProject
Project("{002A2DE9-8BB6-484D-9802-7E4AD4084715}") = "colorize", ".dub\colorize.visualdproj", "{5E737304-6956-4C33-A7EC-33B8FD95C6DE}"
EndProject
Project("{002A2DE9-8BB6-484D-9802-7E4AD4084715}") = "gfm_math", ".dub\gfm_math.visualdproj", "{6A96742B-F1A4-4974-9F8F-DAA790483125}"
EndProject
Project("{002A2DE9-8BB6-484D-9802-7E4AD4084715}") = "gfm_opengl", ".dub\gfm_opengl.visualdproj", "{ED7CEF8E-730F-4F28-8484-FE50F862EACD}"
EndProject
Project("{002A2DE9-8BB6-484D-9802-7E4AD4084715}") = "derelict-gl3", ".dub\derelict-gl3.visualdproj", "{0666481D-E5FA-4815-BB96-2F8EC1ECA689}"
EndProject
Project("{002A2DE9-8BB6-484D-9802-7E4AD4084715}") = "gfm_sdl2", ".dub\gfm_sdl2.visualdproj", "{6FAF1183-1623-4CCC-8F1A-5D50BABF1308}"
EndProject
Project("{002A2DE9-8BB6-484D-9802-7E4AD4084715}") = "derelict-sdl2", ".dub\derelict-sdl2.visualdproj", "{0FE60270-C96A-45B0-BCB4-B9889C7D0225}"
EndProject
Project("{002A2DE9-8BB6-484D-9802-7E4AD4084715}") = "imageformats", ".dub\imageformats.visualdproj", "{498C37AA-3D9C-4047-A67B-ADA6C984D5E2}"
EndProject
Project("{002A2DE9-8BB6-484D-9802-7E4AD4084715}") = "poodinis", ".dub\poodinis.visualdproj", "{AFF25CF5-DFBA-4B44-A4FD-06CB0BBFA4F4}"
EndProject
Project("{2150E333-8FDC-42A3-9474-1A3956D46DE8}") = "lib", "lib", "{ACEF64D0-34D8-4957-B7BD-BB3B3605A9BE}"
EndProject
Global
	GlobalSection(SolutionConfigurationPlatforms) = preSolution
		debug|Win32 = debug|Win32
	EndGlobalSection
	GlobalSection(ProjectConfigurationPlatforms) = postSolution
		{1CD4970C-BE6A-4A8E-9992-0E8EA5DAAF2E}.debug|Win32.ActiveCfg = debug|Win32
		{1CD4970C-BE6A-4A8E-9992-0E8EA5DAAF2E}.debug|Win32.Build.0 = debug|Win32
		{7D9EB7B6-1598-4F96-AE09-F5DC7E7182ED}.debug|Win32.ActiveCfg = debug|Win32
		{7D9EB7B6-1598-4F96-AE09-F5DC7E7182ED}.debug|Win32.Build.0 = debug|Win32
		{261075C1-51DD-40F4-8BE6-C0C32B33D4D9}.debug|Win32.ActiveCfg = debug|Win32
		{261075C1-51DD-40F4-8BE6-C0C32B33D4D9}.debug|Win32.Build.0 = debug|Win32
		{82CA5266-3273-4ACB-A3D6-821326779ABD}.debug|Win32.ActiveCfg = debug|Win32
		{82CA5266-3273-4ACB-A3D6-821326779ABD}.debug|Win32.Build.0 = debug|Win32
		{896D1ABC-20B2-420B-9743-01D2222A6A3D}.debug|Win32.ActiveCfg = debug|Win32
		{896D1ABC-20B2-420B-9743-01D2222A6A3D}.debug|Win32.Build.0 = debug|Win32
		{81B96316-F13C-42EA-A594-B10431BF302F}.debug|Win32.ActiveCfg = debug|Win32
		{81B96316-F13C-42EA-A594-B10431BF302F}.debug|Win32.Build.0 = debug|Win32
		{71638BE6-901B-4B1F-9C1B-466D9B6820C9}.debug|Win32.ActiveCfg = debug|Win32
		{71638BE6-901B-4B1F-9C1B-466D9B6820C9}.debug|Win32.Build.0 = debug|Win32
		{1123BD4D-1426-4666-8387-53162A0340C4}.debug|Win32.ActiveCfg = debug|Win32
		{1123BD4D-1426-4666-8387-53162A0340C4}.debug|Win32.Build.0 = debug|Win32
		{4B831926-F279-40A7-8950-457EEA0000AE}.debug|Win32.ActiveCfg = debug|Win32
		{4B831926-F279-40A7-8950-457EEA0000AE}.debug|Win32.Build.0 = debug|Win32
		{685477E2-0C2D-4EF4-B067-0A7BB67A6506}.debug|Win32.ActiveCfg = debug|Win32
		{685477E2-0C2D-4EF4-B067-0A7BB67A6506}.debug|Win32.Build.0 = debug|Win32
		{5E737304-6956-4C33-A7EC-33B8FD95C6DE}.debug|Win32.ActiveCfg = debug|Win32
		{5E737304-6956-4C33-A7EC-33B8FD95C6DE}.debug|Win32.Build.0 = debug|Win32
		{6A96742B-F1A4-4974-9F8F-DAA790483125}.debug|Win32.ActiveCfg = debug|Win32
		{6A96742B-F1A4-4974-9F8F-DAA790483125}.debug|Win32.Build.0 = debug|Win32
		{ED7CEF8E-730F-4F28-8484-FE50F862EACD}.debug|Win32.ActiveCfg = debug|Win32
		{ED7CEF8E-730F-4F28-8484-FE50F862EACD}.debug|Win32.Build.0 = debug|Win32
		{0666481D-E5FA-4815-BB96-2F8EC1ECA689}.debug|Win32.ActiveCfg = debug|Win32
		{0666481D-E5FA-4815-BB96-2F8EC1ECA689}.debug|Win32.Build.0 = debug|Win32
		{6FAF1183-1623-4CCC-8F1A-5D50BABF1308}.debug|Win32.ActiveCfg = debug|Win32
		{6FAF1183-1623-4CCC-8F1A-5D50BABF1308}.debug|Win32.Build.0 = debug|Win32
		{0FE60270-C96A-45B0-BCB4-B9889C7D0225}.debug|Win32.ActiveCfg = debug|Win32
		{0FE60270-C96A-45B0-BCB4-B9889C7D0225}.debug|Win32.Build.0 = debug|Win32
		{498C37AA-3D9C-4047-A67B-ADA6C984D5E2}.debug|Win32.ActiveCfg = debug|Win32
		{498C37AA-3D9C-4047-A67B-ADA6C984D5E2}.debug|Win32.Build.0 = debug|Win32
		{AFF25CF5-DFBA-4B44-A4FD-06CB0BBFA4F4}.debug|Win32.ActiveCfg = debug|Win32
		{AFF25CF5-DFBA-4B44-A4FD-06CB0BBFA4F4}.debug|Win32.Build.0 = debug|Win32
	EndGlobalSection
	GlobalSection(SolutionProperties) = preSolution
		HideSolutionNode = FALSE
	EndGlobalSection
	GlobalSection(NestedProjects) = preSolution
		{261075C1-51DD-40F4-8BE6-C0C32B33D4D9} = {ACEF64D0-34D8-4957-B7BD-BB3B3605A9BE}
		{82CA5266-3273-4ACB-A3D6-821326779ABD} = {ACEF64D0-34D8-4957-B7BD-BB3B3605A9BE}
		{896D1ABC-20B2-420B-9743-01D2222A6A3D} = {ACEF64D0-34D8-4957-B7BD-BB3B3605A9BE}
		{81B96316-F13C-42EA-A594-B10431BF302F} = {ACEF64D0-34D8-4957-B7BD-BB3B3605A9BE}
		{71638BE6-901B-4B1F-9C1B-466D9B6820C9} = {ACEF64D0-34D8-4957-B7BD-BB3B3605A9BE}
		{1123BD4D-1426-4666-8387-53162A0340C4} = {ACEF64D0-34D8-4957-B7BD-BB3B3605A9BE}
		{4B831926-F279-40A7-8950-457EEA0000AE} = {ACEF64D0-34D8-4957-B7BD-BB3B3605A9BE}
		{685477E2-0C2D-4EF4-B067-0A7BB67A6506} = {ACEF64D0-34D8-4957-B7BD-BB3B3605A9BE}
		{5E737304-6956-4C33-A7EC-33B8FD95C6DE} = {ACEF64D0-34D8-4957-B7BD-BB3B3605A9BE}
		{6A96742B-F1A4-4974-9F8F-DAA790483125} = {ACEF64D0-34D8-4957-B7BD-BB3B3605A9BE}
		{ED7CEF8E-730F-4F28-8484-FE50F862EACD} = {ACEF64D0-34D8-4957-B7BD-BB3B3605A9BE}
		{0666481D-E5FA-4815-BB96-2F8EC1ECA689} = {ACEF64D0-34D8-4957-B7BD-BB3B3605A9BE}
		{6FAF1183-1623-4CCC-8F1A-5D50BABF1308} = {ACEF64D0-34D8-4957-B7BD-BB3B3605A9BE}
		{0FE60270-C96A-45B0-BCB4-B9889C7D0225} = {ACEF64D0-34D8-4957-B7BD-BB3B3605A9BE}
		{498C37AA-3D9C-4047-A67B-ADA6C984D5E2} = {ACEF64D0-34D8-4957-B7BD-BB3B3605A9BE}
		{AFF25CF5-DFBA-4B44-A4FD-06CB0BBFA4F4} = {ACEF64D0-34D8-4957-B7BD-BB3B3605A9BE}
	EndGlobalSection
EndGlobal
